Microsoft Visual Studio Solution File, Format Version 12.00
# Visual Studio Version 16
VisualStudioVersion = 16.0.0.0
MinimumVisualStudioVersion = 16.0.0.0
Project("{9A19103F-16F7-4668-BE54-9A1E7A4F7556}") = "RclParcel", "RclParcel\RclParcel.csproj", "{B50C18B9-0346-4800-BA43-1BFE7B600D95}"
EndProject
Project("{9A19103F-16F7-4668-BE54-9A1E7A4F7556}") = "RclParcel.Assets", "RclParcel.Assets\RclParcel.Assets.esproj", "{600D0520-3DF8-4A73-B2A3-21ADB45D91BD}"
EndProject
Global
	GlobalSection(SolutionConfigurationPlatforms) = preSolution
		Debug|Any CPU = Debug|Any CPU
		Debug|x64 = Debug|x64
		Debug|x86 = Debug|x86
		Release|Any CPU = Release|Any CPU
		Release|x64 = Release|x64
		Release|x86 = Release|x86
	EndGlobalSection
	GlobalSection(ProjectConfigurationPlatforms) = postSolution
		{600D0520-3DF8-4A73-B2A3-21ADB45D91BD}.Debug|Any CPU.ActiveCfg = Debug|Any CPU
		{600D0520-3DF8-4A73-B2A3-21ADB45D91BD}.Debug|Any CPU.Build.0 = Debug|Any CPU
		{600D0520-3DF8-4A73-B2A3-21ADB45D91BD}.Debug|x64.ActiveCfg = Debug|Any CPU
		{600D0520-3DF8-4A73-B2A3-21ADB45D91BD}.Debug|x64.Build.0 = Debug|Any CPU
		{600D0520-3DF8-4A73-B2A3-21ADB45D91BD}.Debug|x86.ActiveCfg = Debug|Any CPU
		{600D0520-3DF8-4A73-B2A3-21ADB45D91BD}.Debug|x86.Build.0 = Debug|Any CPU
		{600D0520-3DF8-4A73-B2A3-21ADB45D91BD}.Release|Any CPU.ActiveCfg = Release|Any CPU
		{600D0520-3DF8-4A73-B2A3-21ADB45D91BD}.Release|Any CPU.Build.0 = Release|Any CPU
		{600D0520-3DF8-4A73-B2A3-21ADB45D91BD}.Release|x64.ActiveCfg = Release|Any CPU
		{600D0520-3DF8-4A73-B2A3-21ADB45D91BD}.Release|x64.Build.0 = Release|Any CPU
		{600D0520-3DF8-4A73-B2A3-21ADB45D91BD}.Release|x86.ActiveCfg = Release|Any CPU
		{600D0520-3DF8-4A73-B2A3-21ADB45D91BD}.Release|x86.Build.0 = Release|Any CPU
		{B50C18B9-0346-4800-BA43-1BFE7B600D95}.Debug|Any CPU.ActiveCfg = Debug|Any CPU
		{B50C18B9-0346-4800-BA43-1BFE7B600D95}.Debug|Any CPU.Build.0 = Debug|Any CPU
		{B50C18B9-0346-4800-BA43-1BFE7B600D95}.Debug|x64.ActiveCfg = Debug|Any CPU
		{B50C18B9-0346-4800-BA43-1BFE7B600D95}.Debug|x64.Build.0 = Debug|Any CPU
		{B50C18B9-0346-4800-BA43-1BFE7B600D95}.Debug|x86.ActiveCfg = Debug|Any CPU
		{B50C18B9-0346-4800-BA43-1BFE7B600D95}.Debug|x86.Build.0 = Debug|Any CPU
		{B50C18B9-0346-4800-BA43-1BFE7B600D95}.Release|Any CPU.ActiveCfg = Release|Any CPU
		{B50C18B9-0346-4800-BA43-1BFE7B600D95}.Release|Any CPU.Build.0 = Release|Any CPU
		{B50C18B9-0346-4800-BA43-1BFE7B600D95}.Release|x64.ActiveCfg = Release|Any CPU
		{B50C18B9-0346-4800-BA43-1BFE7B600D95}.Release|x64.Build.0 = Release|Any CPU
		{B50C18B9-0346-4800-BA43-1BFE7B600D95}.Release|x86.ActiveCfg = Release|Any CPU
		{B50C18B9-0346-4800-BA43-1BFE7B600D95}.Release|x86.Build.0 = Release|Any CPU
	EndGlobalSection
	GlobalSection(SolutionProperties) = preSolution
		HideSolutionNode = FALSE
	EndGlobalSection
	GlobalSection(ExtensibilityGlobals) = postSolution
		SolutionGuid = {25FC12DB-71B3-45A7-9E50-F48861602C0F}
	EndGlobalSection
EndGlobal
