
Microsoft Visual Studio Solution File, Format Version 12.00
# Visual Studio Version 17
VisualStudioVersion = 17.0.31903.59
MinimumVisualStudioVersion = 10.0.40219.1
Project("{9A19103F-16F7-4668-BE54-9A1E7A4F7556}") = "RazorClassLibrary1", "RazorClassLibrary1\RazorClassLibrary1.csproj", "{346E1BFE-9093-433C-A92D-AB022711A317}"
EndProject
Project("{9A19103F-16F7-4668-BE54-9A1E7A4F7556}") = "BlazorWebApp", "BlazorWebApp\BlazorWebApp.csproj", "{43BCB2F8-1425-44DC-B8CD-BAD2C73083E2}"
EndProject
Project("{2150E333-8FDC-42A3-9474-1A3956D46DE8}") = "RclESBuild", "RclESBuild", "{B64CAAF2-FAA7-4635-9D57-25D5F4819005}"
EndProject
Project("{9A19103F-16F7-4668-BE54-9A1E7A4F7556}") = "RclESBuild", "RclESBuild\RclESBuild\RclESBuild.csproj", "{F5C7A585-8787-4BFA-A07D-9D9421F9AEDC}"
EndProject
Project("{54A90642-561A-4BB1-A94E-469ADEE60C69}") = "RclESBuild.Assets", "RclESBuild\RclESBuild.Assets\RclESBuild.Assets.esproj", "{8F772B4D-89FD-4375-8C9C-51DAB7A1C23D}"
EndProject
Project("{2150E333-8FDC-42A3-9474-1A3956D46DE8}") = "RclNoBundler", "RclNoBundler", "{DC07D64F-9D6F-41EB-967E-FEBF95738E0A}"
EndProject
Project("{9A19103F-16F7-4668-BE54-9A1E7A4F7556}") = "RclNoBundler", "RclNoBundler\RclNoBundler\RclNoBundler.csproj", "{FA9C8539-2DD8-41C8-AE9A-E422D27C365D}"
EndProject
Project("{54A90642-561A-4BB1-A94E-469ADEE60C69}") = "RclNoBundler.Assets", "RclNoBundler\RclNoBundler.Assets\RclNoBundler.Assets.esproj", "{4AB98808-9E7A-4C1A-9809-27F30EF244D2}"
EndProject
Project("{2150E333-8FDC-42A3-9474-1A3956D46DE8}") = "RclParcel", "RclParcel", "{FA81D0E5-D96B-4FFB-B6EF-AE8AA3E6160E}"
EndProject
Project("{2150E333-8FDC-42A3-9474-1A3956D46DE8}") = "RclRollup", "RclRollup", "{3FC59D62-82CA-4DEF-B763-5A0B3EE239FB}"
EndProject
Project("{2150E333-8FDC-42A3-9474-1A3956D46DE8}") = "RclRspack", "RclRspack", "{B15759F8-94E6-476C-97B4-8FF9534A7DBD}"
EndProject
Project("{2150E333-8FDC-42A3-9474-1A3956D46DE8}") = "RclVite", "RclVite", "{28B2E67E-53FD-438C-AAFD-657BB015B5AD}"
EndProject
Project("{9A19103F-16F7-4668-BE54-9A1E7A4F7556}") = "RclParcel", "RclParcel\RclParcel\RclParcel.csproj", "{BE247554-7E2E-418F-BA85-2A0DC2D456FE}"
EndProject
Project("{54A90642-561A-4BB1-A94E-469ADEE60C69}") = "RclParcel.Assets", "RclParcel\RclParcel.Assets\RclParcel.Assets.esproj", "{4E6AAC7F-EEDC-4383-A68D-B3C2D3E602CA}"
EndProject
Project("{9A19103F-16F7-4668-BE54-9A1E7A4F7556}") = "RclRollup", "RclRollup\RclRollup\RclRollup.csproj", "{31E98FA8-68DE-4BEB-84FA-CBE38F81C597}"
EndProject
Project("{54A90642-561A-4BB1-A94E-469ADEE60C69}") = "RclRollup.Assets", "RclRollup\RclRollup.Assets\RclRollup.Assets.esproj", "{81E3BAE4-A94B-4848-BCBD-3386278D135D}"
EndProject
Project("{9A19103F-16F7-4668-BE54-9A1E7A4F7556}") = "RclRspack", "RclRspack\RclRspack\RclRspack.csproj", "{70066D5A-FBD6-44EA-B1F8-E7B4630540B2}"
EndProject
Project("{54A90642-561A-4BB1-A94E-469ADEE60C69}") = "RclRspack.Assets", "RclRspack\RclRspack.Assets\RclRspack.Assets.esproj", "{F86765CE-FD5B-46C3-A17C-529FC557BE6C}"
EndProject
Project("{9A19103F-16F7-4668-BE54-9A1E7A4F7556}") = "RclVite", "RclVite\RclVite\RclVite.csproj", "{9983E303-C08C-4FA8-A237-F43E91167591}"
EndProject
Project("{54A90642-561A-4BB1-A94E-469ADEE60C69}") = "RclVite.Assets", "RclVite\RclVite.Assets\RclVite.Assets.esproj", "{83069A88-BC12-41ED-943D-F152265BDDDD}"
EndProject
Global
	GlobalSection(SolutionConfigurationPlatforms) = preSolution
		Debug|Any CPU = Debug|Any CPU
		Release|Any CPU = Release|Any CPU
	EndGlobalSection
	GlobalSection(ProjectConfigurationPlatforms) = postSolution
		{346E1BFE-9093-433C-A92D-AB022711A317}.Debug|Any CPU.ActiveCfg = Debug|Any CPU
		{346E1BFE-9093-433C-A92D-AB022711A317}.Debug|Any CPU.Build.0 = Debug|Any CPU
		{346E1BFE-9093-433C-A92D-AB022711A317}.Release|Any CPU.ActiveCfg = Release|Any CPU
		{346E1BFE-9093-433C-A92D-AB022711A317}.Release|Any CPU.Build.0 = Release|Any CPU
		{43BCB2F8-1425-44DC-B8CD-BAD2C73083E2}.Debug|Any CPU.ActiveCfg = Debug|Any CPU
		{43BCB2F8-1425-44DC-B8CD-BAD2C73083E2}.Debug|Any CPU.Build.0 = Debug|Any CPU
		{43BCB2F8-1425-44DC-B8CD-BAD2C73083E2}.Release|Any CPU.ActiveCfg = Release|Any CPU
		{43BCB2F8-1425-44DC-B8CD-BAD2C73083E2}.Release|Any CPU.Build.0 = Release|Any CPU
		{F5C7A585-8787-4BFA-A07D-9D9421F9AEDC}.Debug|Any CPU.ActiveCfg = Debug|Any CPU
		{F5C7A585-8787-4BFA-A07D-9D9421F9AEDC}.Debug|Any CPU.Build.0 = Debug|Any CPU
		{F5C7A585-8787-4BFA-A07D-9D9421F9AEDC}.Release|Any CPU.ActiveCfg = Release|Any CPU
		{F5C7A585-8787-4BFA-A07D-9D9421F9AEDC}.Release|Any CPU.Build.0 = Release|Any CPU
		{8F772B4D-89FD-4375-8C9C-51DAB7A1C23D}.Debug|Any CPU.ActiveCfg = Debug|Any CPU
		{8F772B4D-89FD-4375-8C9C-51DAB7A1C23D}.Debug|Any CPU.Build.0 = Debug|Any CPU
		{8F772B4D-89FD-4375-8C9C-51DAB7A1C23D}.Debug|Any CPU.Deploy.0 = Debug|Any CPU
		{8F772B4D-89FD-4375-8C9C-51DAB7A1C23D}.Release|Any CPU.ActiveCfg = Release|Any CPU
		{8F772B4D-89FD-4375-8C9C-51DAB7A1C23D}.Release|Any CPU.Build.0 = Release|Any CPU
		{8F772B4D-89FD-4375-8C9C-51DAB7A1C23D}.Release|Any CPU.Deploy.0 = Release|Any CPU
		{FA9C8539-2DD8-41C8-AE9A-E422D27C365D}.Debug|Any CPU.ActiveCfg = Debug|Any CPU
		{FA9C8539-2DD8-41C8-AE9A-E422D27C365D}.Debug|Any CPU.Build.0 = Debug|Any CPU
		{FA9C8539-2DD8-41C8-AE9A-E422D27C365D}.Release|Any CPU.ActiveCfg = Release|Any CPU
		{FA9C8539-2DD8-41C8-AE9A-E422D27C365D}.Release|Any CPU.Build.0 = Release|Any CPU
		{4AB98808-9E7A-4C1A-9809-27F30EF244D2}.Debug|Any CPU.ActiveCfg = Debug|Any CPU
		{4AB98808-9E7A-4C1A-9809-27F30EF244D2}.Debug|Any CPU.Build.0 = Debug|Any CPU
		{4AB98808-9E7A-4C1A-9809-27F30EF244D2}.Debug|Any CPU.Deploy.0 = Debug|Any CPU
		{4AB98808-9E7A-4C1A-9809-27F30EF244D2}.Release|Any CPU.ActiveCfg = Release|Any CPU
		{4AB98808-9E7A-4C1A-9809-27F30EF244D2}.Release|Any CPU.Build.0 = Release|Any CPU
		{4AB98808-9E7A-4C1A-9809-27F30EF244D2}.Release|Any CPU.Deploy.0 = Release|Any CPU
		{BE247554-7E2E-418F-BA85-2A0DC2D456FE}.Debug|Any CPU.ActiveCfg = Debug|Any CPU
		{BE247554-7E2E-418F-BA85-2A0DC2D456FE}.Debug|Any CPU.Build.0 = Debug|Any CPU
		{BE247554-7E2E-418F-BA85-2A0DC2D456FE}.Release|Any CPU.ActiveCfg = Release|Any CPU
		{BE247554-7E2E-418F-BA85-2A0DC2D456FE}.Release|Any CPU.Build.0 = Release|Any CPU
		{4E6AAC7F-EEDC-4383-A68D-B3C2D3E602CA}.Debug|Any CPU.ActiveCfg = Debug|Any CPU
		{4E6AAC7F-EEDC-4383-A68D-B3C2D3E602CA}.Debug|Any CPU.Build.0 = Debug|Any CPU
		{4E6AAC7F-EEDC-4383-A68D-B3C2D3E602CA}.Debug|Any CPU.Deploy.0 = Debug|Any CPU
		{4E6AAC7F-EEDC-4383-A68D-B3C2D3E602CA}.Release|Any CPU.ActiveCfg = Release|Any CPU
		{4E6AAC7F-EEDC-4383-A68D-B3C2D3E602CA}.Release|Any CPU.Build.0 = Release|Any CPU
		{4E6AAC7F-EEDC-4383-A68D-B3C2D3E602CA}.Release|Any CPU.Deploy.0 = Release|Any CPU
		{31E98FA8-68DE-4BEB-84FA-CBE38F81C597}.Debug|Any CPU.ActiveCfg = Debug|Any CPU
		{31E98FA8-68DE-4BEB-84FA-CBE38F81C597}.Debug|Any CPU.Build.0 = Debug|Any CPU
		{31E98FA8-68DE-4BEB-84FA-CBE38F81C597}.Release|Any CPU.ActiveCfg = Release|Any CPU
		{31E98FA8-68DE-4BEB-84FA-CBE38F81C597}.Release|Any CPU.Build.0 = Release|Any CPU
		{81E3BAE4-A94B-4848-BCBD-3386278D135D}.Debug|Any CPU.ActiveCfg = Debug|Any CPU
		{81E3BAE4-A94B-4848-BCBD-3386278D135D}.Debug|Any CPU.Build.0 = Debug|Any CPU
		{81E3BAE4-A94B-4848-BCBD-3386278D135D}.Debug|Any CPU.Deploy.0 = Debug|Any CPU
		{81E3BAE4-A94B-4848-BCBD-3386278D135D}.Release|Any CPU.ActiveCfg = Release|Any CPU
		{81E3BAE4-A94B-4848-BCBD-3386278D135D}.Release|Any CPU.Build.0 = Release|Any CPU
		{81E3BAE4-A94B-4848-BCBD-3386278D135D}.Release|Any CPU.Deploy.0 = Release|Any CPU
		{70066D5A-FBD6-44EA-B1F8-E7B4630540B2}.Debug|Any CPU.ActiveCfg = Debug|Any CPU
		{70066D5A-FBD6-44EA-B1F8-E7B4630540B2}.Debug|Any CPU.Build.0 = Debug|Any CPU
		{70066D5A-FBD6-44EA-B1F8-E7B4630540B2}.Release|Any CPU.ActiveCfg = Release|Any CPU
		{70066D5A-FBD6-44EA-B1F8-E7B4630540B2}.Release|Any CPU.Build.0 = Release|Any CPU
		{F86765CE-FD5B-46C3-A17C-529FC557BE6C}.Debug|Any CPU.ActiveCfg = Debug|Any CPU
		{F86765CE-FD5B-46C3-A17C-529FC557BE6C}.Debug|Any CPU.Build.0 = Debug|Any CPU
		{F86765CE-FD5B-46C3-A17C-529FC557BE6C}.Debug|Any CPU.Deploy.0 = Debug|Any CPU
		{F86765CE-FD5B-46C3-A17C-529FC557BE6C}.Release|Any CPU.ActiveCfg = Release|Any CPU
		{F86765CE-FD5B-46C3-A17C-529FC557BE6C}.Release|Any CPU.Build.0 = Release|Any CPU
		{F86765CE-FD5B-46C3-A17C-529FC557BE6C}.Release|Any CPU.Deploy.0 = Release|Any CPU
		{9983E303-C08C-4FA8-A237-F43E91167591}.Debug|Any CPU.ActiveCfg = Debug|Any CPU
		{9983E303-C08C-4FA8-A237-F43E91167591}.Debug|Any CPU.Build.0 = Debug|Any CPU
		{9983E303-C08C-4FA8-A237-F43E91167591}.Release|Any CPU.ActiveCfg = Release|Any CPU
		{9983E303-C08C-4FA8-A237-F43E91167591}.Release|Any CPU.Build.0 = Release|Any CPU
		{83069A88-BC12-41ED-943D-F152265BDDDD}.Debug|Any CPU.ActiveCfg = Debug|Any CPU
		{83069A88-BC12-41ED-943D-F152265BDDDD}.Debug|Any CPU.Build.0 = Debug|Any CPU
		{83069A88-BC12-41ED-943D-F152265BDDDD}.Debug|Any CPU.Deploy.0 = Debug|Any CPU
		{83069A88-BC12-41ED-943D-F152265BDDDD}.Release|Any CPU.ActiveCfg = Release|Any CPU
		{83069A88-BC12-41ED-943D-F152265BDDDD}.Release|Any CPU.Build.0 = Release|Any CPU
		{83069A88-BC12-41ED-943D-F152265BDDDD}.Release|Any CPU.Deploy.0 = Release|Any CPU
	EndGlobalSection
	GlobalSection(SolutionProperties) = preSolution
		HideSolutionNode = FALSE
	EndGlobalSection
	GlobalSection(NestedProjects) = preSolution
		{F5C7A585-8787-4BFA-A07D-9D9421F9AEDC} = {B64CAAF2-FAA7-4635-9D57-25D5F4819005}
		{8F772B4D-89FD-4375-8C9C-51DAB7A1C23D} = {B64CAAF2-FAA7-4635-9D57-25D5F4819005}
		{FA9C8539-2DD8-41C8-AE9A-E422D27C365D} = {DC07D64F-9D6F-41EB-967E-FEBF95738E0A}
		{4AB98808-9E7A-4C1A-9809-27F30EF244D2} = {DC07D64F-9D6F-41EB-967E-FEBF95738E0A}
		{BE247554-7E2E-418F-BA85-2A0DC2D456FE} = {FA81D0E5-D96B-4FFB-B6EF-AE8AA3E6160E}
		{4E6AAC7F-EEDC-4383-A68D-B3C2D3E602CA} = {FA81D0E5-D96B-4FFB-B6EF-AE8AA3E6160E}
		{31E98FA8-68DE-4BEB-84FA-CBE38F81C597} = {3FC59D62-82CA-4DEF-B763-5A0B3EE239FB}
		{81E3BAE4-A94B-4848-BCBD-3386278D135D} = {3FC59D62-82CA-4DEF-B763-5A0B3EE239FB}
		{70066D5A-FBD6-44EA-B1F8-E7B4630540B2} = {B15759F8-94E6-476C-97B4-8FF9534A7DBD}
		{F86765CE-FD5B-46C3-A17C-529FC557BE6C} = {B15759F8-94E6-476C-97B4-8FF9534A7DBD}
		{9983E303-C08C-4FA8-A237-F43E91167591} = {28B2E67E-53FD-438C-AAFD-657BB015B5AD}
		{83069A88-BC12-41ED-943D-F152265BDDDD} = {28B2E67E-53FD-438C-AAFD-657BB015B5AD}
	EndGlobalSection
	GlobalSection(ExtensibilityGlobals) = postSolution
		SolutionGuid = {61E500DE-2214-41BD-AD7A-21C2635A3112}
	EndGlobalSection
EndGlobal
